// !$*UTF8*$!
{
	archiveVersion = 1;
	classes = {
	};
	objectVersion = 56;
	objects = {

/* Begin PBXBuildFile section */
		6029D2402AF8E57E000F0C57 /* AppDelegate.swift in Sources */ = {isa = PBXBuildFile; fileRef = 6029D23F2AF8E57E000F0C57 /* AppDelegate.swift */; };
		6029D2422AF8E57E000F0C57 /* SceneDelegate.swift in Sources */ = {isa = PBXBuildFile; fileRef = 6029D2412AF8E57E000F0C57 /* SceneDelegate.swift */; };
		6029D2442AF8E57E000F0C57 /* ViewController.swift in Sources */ = {isa = PBXBuildFile; fileRef = 6029D2432AF8E57E000F0C57 /* ViewController.swift */; };
		6029D2472AF8E57E000F0C57 /* Main.storyboard in Resources */ = {isa = PBXBuildFile; fileRef = 6029D2452AF8E57E000F0C57 /* Main.storyboard */; };
		6029D2492AF8E57F000F0C57 /* Assets.xcassets in Resources */ = {isa = PBXBuildFile; fileRef = 6029D2482AF8E57F000F0C57 /* Assets.xcassets */; };
		6029D24C2AF8E57F000F0C57 /* LaunchScreen.storyboard in Resources */ = {isa = PBXBuildFile; fileRef = 6029D24A2AF8E57F000F0C57 /* LaunchScreen.storyboard */; };
		6029D2572AF8E57F000F0C57 /* PomodoroAppTests.swift in Sources */ = {isa = PBXBuildFile; fileRef = 6029D2562AF8E57F000F0C57 /* PomodoroAppTests.swift */; };
		6029D2612AF8E57F000F0C57 /* PomodoroAppUITests.swift in Sources */ = {isa = PBXBuildFile; fileRef = 6029D2602AF8E57F000F0C57 /* PomodoroAppUITests.swift */; };
		6029D2632AF8E57F000F0C57 /* PomodoroAppUITestsLaunchTests.swift in Sources */ = {isa = PBXBuildFile; fileRef = 6029D2622AF8E57F000F0C57 /* PomodoroAppUITestsLaunchTests.swift */; };
/* End PBXBuildFile section */

/* Begin PBXContainerItemProxy section */
		6029D2532AF8E57F000F0C57 /* PBXContainerItemProxy */ = {
			isa = PBXContainerItemProxy;
			containerPortal = 6029D2342AF8E57E000F0C57 /* Project object */;
			proxyType = 1;
			remoteGlobalIDString = 6029D23B2AF8E57E000F0C57;
			remoteInfo = PomodoroApp;
		};
		6029D25D2AF8E57F000F0C57 /* PBXContainerItemProxy */ = {
			isa = PBXContainerItemProxy;
			containerPortal = 6029D2342AF8E57E000F0C57 /* Project object */;
			proxyType = 1;
			remoteGlobalIDString = 6029D23B2AF8E57E000F0C57;
			remoteInfo = PomodoroApp;
		};
/* End PBXContainerItemProxy section */

/* Begin PBXFileReference section */
		6029D23C2AF8E57E000F0C57 /* PomodoroApp.app */ = {isa = PBXFileReference; explicitFileType = wrapper.application; includeInIndex = 0; path = PomodoroApp.app; sourceTree = BUILT_PRODUCTS_DIR; };
		6029D23F2AF8E57E000F0C57 /* AppDelegate.swift */ = {isa = PBXFileReference; lastKnownFileType = sourcecode.swift; path = AppDelegate.swift; sourceTree = "<group>"; };
		6029D2412AF8E57E000F0C57 /* SceneDelegate.swift */ = {isa = PBXFileReference; lastKnownFileType = sourcecode.swift; path = SceneDelegate.swift; sourceTree = "<group>"; };
		6029D2432AF8E57E000F0C57 /* ViewController.swift */ = {isa = PBXFileReference; lastKnownFileType = sourcecode.swift; path = ViewController.swift; sourceTree = "<group>"; };
		6029D2462AF8E57E000F0C57 /* Base */ = {isa = PBXFileReference; lastKnownFileType = file.storyboard; name = Base; path = Base.lproj/Main.storyboard; sourceTree = "<group>"; };
		6029D2482AF8E57F000F0C57 /* Assets.xcassets */ = {isa = PBXFileReference; lastKnownFileType = folder.assetcatalog; path = Assets.xcassets; sourceTree = "<group>"; };
		6029D24B2AF8E57F000F0C57 /* Base */ = {isa = PBXFileReference; lastKnownFileType = file.storyboard; name = Base; path = Base.lproj/LaunchScreen.storyboard; sourceTree = "<group>"; };
		6029D24D2AF8E57F000F0C57 /* Info.plist */ = {isa = PBXFileReference; lastKnownFileType = text.plist.xml; path = Info.plist; sourceTree = "<group>"; };
		6029D2522AF8E57F000F0C57 /* PomodoroAppTests.xctest */ = {isa = PBXFileReference; explicitFileType = wrapper.cfbundle; includeInIndex = 0; path = PomodoroAppTests.xctest; sourceTree = BUILT_PRODUCTS_DIR; };
		6029D2562AF8E57F000F0C57 /* PomodoroAppTests.swift */ = {isa = PBXFileReference; lastKnownFileType = sourcecode.swift; path = PomodoroAppTests.swift; sourceTree = "<group>"; };
		6029D25C2AF8E57F000F0C57 /* PomodoroAppUITests.xctest */ = {isa = PBXFileReference; explicitFileType = wrapper.cfbundle; includeInIndex = 0; path = PomodoroAppUITests.xctest; sourceTree = BUILT_PRODUCTS_DIR; };
		6029D2602AF8E57F000F0C57 /* PomodoroAppUITests.swift */ = {isa = PBXFileReference; lastKnownFileType = sourcecode.swift; path = PomodoroAppUITests.swift; sourceTree = "<group>"; };
		6029D2622AF8E57F000F0C57 /* PomodoroAppUITestsLaunchTests.swift */ = {isa = PBXFileReference; lastKnownFileType = sourcecode.swift; path = PomodoroAppUITestsLaunchTests.swift; sourceTree = "<group>"; };
/* End PBXFileReference section */

/* Begin PBXFrameworksBuildPhase section */
		6029D2392AF8E57E000F0C57 /* Frameworks */ = {
			isa = PBXFrameworksBuildPhase;
			buildActionMask = 2147483647;
			files = (
			);
			runOnlyForDeploymentPostprocessing = 0;
		};
		6029D24F2AF8E57F000F0C57 /* Frameworks */ = {
			isa = PBXFrameworksBuildPhase;
			buildActionMask = 2147483647;
			files = (
			);
			runOnlyForDeploymentPostprocessing = 0;
		};
		6029D2592AF8E57F000F0C57 /* Frameworks */ = {
			isa = PBXFrameworksBuildPhase;
			buildActionMask = 2147483647;
			files = (
			);
			runOnlyForDeploymentPostprocessing = 0;
		};
/* End PBXFrameworksBuildPhase section */

/* Begin PBXGroup section */
		6029D2332AF8E57E000F0C57 = {
			isa = PBXGroup;
			children = (
				6029D23E2AF8E57E000F0C57 /* PomodoroApp */,
				6029D2552AF8E57F000F0C57 /* PomodoroAppTests */,
				6029D25F2AF8E57F000F0C57 /* PomodoroAppUITests */,
				6029D23D2AF8E57E000F0C57 /* Products */,
			);
			sourceTree = "<group>";
		};
		6029D23D2AF8E57E000F0C57 /* Products */ = {
			isa = PBXGroup;
			children = (
				6029D23C2AF8E57E000F0C57 /* PomodoroApp.app */,
				6029D2522AF8E57F000F0C57 /* PomodoroAppTests.xctest */,
				6029D25C2AF8E57F000F0C57 /* PomodoroAppUITests.xctest */,
			);
			name = Products;
			sourceTree = "<group>";
		};
		6029D23E2AF8E57E000F0C57 /* PomodoroApp */ = {
			isa = PBXGroup;
			children = (
				6029D23F2AF8E57E000F0C57 /* AppDelegate.swift */,
				6029D2412AF8E57E000F0C57 /* SceneDelegate.swift */,
				6029D2432AF8E57E000F0C57 /* ViewController.swift */,
				6029D2452AF8E57E000F0C57 /* Main.storyboard */,
				6029D2482AF8E57F000F0C57 /* Assets.xcassets */,
				6029D24A2AF8E57F000F0C57 /* LaunchScreen.storyboard */,
				6029D24D2AF8E57F000F0C57 /* Info.plist */,
			);
			path = PomodoroApp;
			sourceTree = "<group>";
		};
		6029D2552AF8E57F000F0C57 /* PomodoroAppTests */ = {
			isa = PBXGroup;
			children = (
				6029D2562AF8E57F000F0C57 /* PomodoroAppTests.swift */,
			);
			path = PomodoroAppTests;
			sourceTree = "<group>";
		};
		6029D25F2AF8E57F000F0C57 /* PomodoroAppUITests */ = {
			isa = PBXGroup;
			children = (
				6029D2602AF8E57F000F0C57 /* PomodoroAppUITests.swift */,
				6029D2622AF8E57F000F0C57 /* PomodoroAppUITestsLaunchTests.swift */,
			);
			path = PomodoroAppUITests;
			sourceTree = "<group>";
		};
/* End PBXGroup section */

/* Begin PBXNativeTarget section */
		6029D23B2AF8E57E000F0C57 /* PomodoroApp */ = {
			isa = PBXNativeTarget;
			buildConfigurationList = 6029D2662AF8E57F000F0C57 /* Build configuration list for PBXNativeTarget "PomodoroApp" */;
			buildPhases = (
				6029D2382AF8E57E000F0C57 /* Sources */,
				6029D2392AF8E57E000F0C57 /* Frameworks */,
				6029D23A2AF8E57E000F0C57 /* Resources */,
			);
			buildRules = (
			);
			dependencies = (
			);
			name = PomodoroApp;
			productName = PomodoroApp;
			productReference = 6029D23C2AF8E57E000F0C57 /* PomodoroApp.app */;
			productType = "com.apple.product-type.application";
		};
		6029D2512AF8E57F000F0C57 /* PomodoroAppTests */ = {
			isa = PBXNativeTarget;
			buildConfigurationList = 6029D2692AF8E57F000F0C57 /* Build configuration list for PBXNativeTarget "PomodoroAppTests" */;
			buildPhases = (
				6029D24E2AF8E57F000F0C57 /* Sources */,
				6029D24F2AF8E57F000F0C57 /* Frameworks */,
				6029D2502AF8E57F000F0C57 /* Resources */,
			);
			buildRules = (
			);
			dependencies = (
				6029D2542AF8E57F000F0C57 /* PBXTargetDependency */,
			);
			name = PomodoroAppTests;
			productName = PomodoroAppTests;
			productReference = 6029D2522AF8E57F000F0C57 /* PomodoroAppTests.xctest */;
			productType = "com.apple.product-type.bundle.unit-test";
		};
		6029D25B2AF8E57F000F0C57 /* PomodoroAppUITests */ = {
			isa = PBXNativeTarget;
			buildConfigurationList = 6029D26C2AF8E57F000F0C57 /* Build configuration list for PBXNativeTarget "PomodoroAppUITests" */;
			buildPhases = (
				6029D2582AF8E57F000F0C57 /* Sources */,
				6029D2592AF8E57F000F0C57 /* Frameworks */,
				6029D25A2AF8E57F000F0C57 /* Resources */,
			);
			buildRules = (
			);
			dependencies = (
				6029D25E2AF8E57F000F0C57 /* PBXTargetDependency */,
			);
			name = PomodoroAppUITests;
			productName = PomodoroAppUITests;
			productReference = 6029D25C2AF8E57F000F0C57 /* PomodoroAppUITests.xctest */;
			productType = "com.apple.product-type.bundle.ui-testing";
		};
/* End PBXNativeTarget section */

/* Begin PBXProject section */
		6029D2342AF8E57E000F0C57 /* Project object */ = {
			isa = PBXProject;
			attributes = {
				BuildIndependentTargetsInParallel = 1;
				LastSwiftUpdateCheck = 1500;
				LastUpgradeCheck = 1500;
				TargetAttributes = {
					6029D23B2AF8E57E000F0C57 = {
						CreatedOnToolsVersion = 15.0.1;
					};
					6029D2512AF8E57F000F0C57 = {
						CreatedOnToolsVersion = 15.0.1;
						TestTargetID = 6029D23B2AF8E57E000F0C57;
					};
					6029D25B2AF8E57F000F0C57 = {
						CreatedOnToolsVersion = 15.0.1;
						TestTargetID = 6029D23B2AF8E57E000F0C57;
					};
				};
			};
			buildConfigurationList = 6029D2372AF8E57E000F0C57 /* Build configuration list for PBXProject "PomodoroApp" */;
			compatibilityVersion = "Xcode 14.0";
			developmentRegion = en;
			hasScannedForEncodings = 0;
			knownRegions = (
				en,
				Base,
			);
			mainGroup = 6029D2332AF8E57E000F0C57;
			productRefGroup = 6029D23D2AF8E57E000F0C57 /* Products */;
			projectDirPath = "";
			projectRoot = "";
			targets = (
				6029D23B2AF8E57E000F0C57 /* PomodoroApp */,
				6029D2512AF8E57F000F0C57 /* PomodoroAppTests */,
				6029D25B2AF8E57F000F0C57 /* PomodoroAppUITests */,
			);
		};
/* End PBXProject section */

/* Begin PBXResourcesBuildPhase section */
		6029D23A2AF8E57E000F0C57 /* Resources */ = {
			isa = PBXResourcesBuildPhase;
			buildActionMask = 2147483647;
			files = (
				6029D24C2AF8E57F000F0C57 /* LaunchScreen.storyboard in Resources */,
				6029D2492AF8E57F000F0C57 /* Assets.xcassets in Resources */,
				6029D2472AF8E57E000F0C57 /* Main.storyboard in Resources */,
			);
			runOnlyForDeploymentPostprocessing = 0;
		};
		6029D2502AF8E57F000F0C57 /* Resources */ = {
			isa = PBXResourcesBuildPhase;
			buildActionMask = 2147483647;
			files = (
			);
			runOnlyForDeploymentPostprocessing = 0;
		};
		6029D25A2AF8E57F000F0C57 /* Resources */ = {
			isa = PBXResourcesBuildPhase;
			buildActionMask = 2147483647;
			files = (
			);
			runOnlyForDeploymentPostprocessing = 0;
		};
/* End PBXResourcesBuildPhase section */

/* Begin PBXSourcesBuildPhase section */
		6029D2382AF8E57E000F0C57 /* Sources */ = {
			isa = PBXSourcesBuildPhase;
			buildActionMask = 2147483647;
			files = (
				6029D2442AF8E57E000F0C57 /* ViewController.swift in Sources */,
				6029D2402AF8E57E000F0C57 /* AppDelegate.swift in Sources */,
				6029D2422AF8E57E000F0C57 /* SceneDelegate.swift in Sources */,
			);
			runOnlyForDeploymentPostprocessing = 0;
		};
		6029D24E2AF8E57F000F0C57 /* Sources */ = {
			isa = PBXSourcesBuildPhase;
			buildActionMask = 2147483647;
			files = (
				6029D2572AF8E57F000F0C57 /* PomodoroAppTests.swift in Sources */,
			);
			runOnlyForDeploymentPostprocessing = 0;
		};
		6029D2582AF8E57F000F0C57 /* Sources */ = {
			isa = PBXSourcesBuildPhase;
			buildActionMask = 2147483647;
			files = (
				6029D2612AF8E57F000F0C57 /* PomodoroAppUITests.swift in Sources */,
				6029D2632AF8E57F000F0C57 /* PomodoroAppUITestsLaunchTests.swift in Sources */,
			);
			runOnlyForDeploymentPostprocessing = 0;
		};
/* End PBXSourcesBuildPhase section */

/* Begin PBXTargetDependency section */
		6029D2542AF8E57F000F0C57 /* PBXTargetDependency */ = {
			isa = PBXTargetDependency;
			target = 6029D23B2AF8E57E000F0C57 /* PomodoroApp */;
			targetProxy = 6029D2532AF8E57F000F0C57 /* PBXContainerItemProxy */;
		};
		6029D25E2AF8E57F000F0C57 /* PBXTargetDependency */ = {
			isa = PBXTargetDependency;
			target = 6029D23B2AF8E57E000F0C57 /* PomodoroApp */;
			targetProxy = 6029D25D2AF8E57F000F0C57 /* PBXContainerItemProxy */;
		};
/* End PBXTargetDependency section */

/* Begin PBXVariantGroup section */
		6029D2452AF8E57E000F0C57 /* Main.storyboard */ = {
			isa = PBXVariantGroup;
			children = (
				6029D2462AF8E57E000F0C57 /* Base */,
			);
			name = Main.storyboard;
			sourceTree = "<group>";
		};
		6029D24A2AF8E57F000F0C57 /* LaunchScreen.storyboard */ = {
			isa = PBXVariantGroup;
			children = (
				6029D24B2AF8E57F000F0C57 /* Base */,
			);
			name = LaunchScreen.storyboard;
			sourceTree = "<group>";
		};
/* End PBXVariantGroup section */

/* Begin XCBuildConfiguration section */
		6029D2642AF8E57F000F0C57 /* Debug */ = {
			isa = XCBuildConfiguration;
			buildSettings = {
				ALWAYS_SEARCH_USER_PATHS = NO;
				ASSETCATALOG_COMPILER_GENERATE_SWIFT_ASSET_SYMBOL_EXTENSIONS = YES;
				CLANG_ANALYZER_NONNULL = YES;
				CLANG_ANALYZER_NUMBER_OBJECT_CONVERSION = YES_AGGRESSIVE;
				CLANG_CXX_LANGUAGE_STANDARD = "gnu++20";
				CLANG_ENABLE_MODULES = YES;
				CLANG_ENABLE_OBJC_ARC = YES;
				CLANG_ENABLE_OBJC_WEAK = YES;
				CLANG_WARN_BLOCK_CAPTURE_AUTORELEASING = YES;
				CLANG_WARN_BOOL_CONVERSION = YES;
				CLANG_WARN_COMMA = YES;
				CLANG_WARN_CONSTANT_CONVERSION = YES;
				CLANG_WARN_DEPRECATED_OBJC_IMPLEMENTATIONS = YES;
				CLANG_WARN_DIRECT_OBJC_ISA_USAGE = YES_ERROR;
				CLANG_WARN_DOCUMENTATION_COMMENTS = YES;
				CLANG_WARN_EMPTY_BODY = YES;
				CLANG_WARN_ENUM_CONVERSION = YES;
				CLANG_WARN_INFINITE_RECURSION = YES;
				CLANG_WARN_INT_CONVERSION = YES;
				CLANG_WARN_NON_LITERAL_NULL_CONVERSION = YES;
				CLANG_WARN_OBJC_IMPLICIT_RETAIN_SELF = YES;
				CLANG_WARN_OBJC_LITERAL_CONVERSION = YES;
				CLANG_WARN_OBJC_ROOT_CLASS = YES_ERROR;
				CLANG_WARN_QUOTED_INCLUDE_IN_FRAMEWORK_HEADER = YES;
				CLANG_WARN_RANGE_LOOP_ANALYSIS = YES;
				CLANG_WARN_STRICT_PROTOTYPES = YES;
				CLANG_WARN_SUSPICIOUS_MOVE = YES;
				CLANG_WARN_UNGUARDED_AVAILABILITY = YES_AGGRESSIVE;
				CLANG_WARN_UNREACHABLE_CODE = YES;
				CLANG_WARN__DUPLICATE_METHOD_MATCH = YES;
				COPY_PHASE_STRIP = NO;
				DEBUG_INFORMATION_FORMAT = dwarf;
				ENABLE_STRICT_OBJC_MSGSEND = YES;
				ENABLE_TESTABILITY = YES;
				ENABLE_USER_SCRIPT_SANDBOXING = YES;
				GCC_C_LANGUAGE_STANDARD = gnu17;
				GCC_DYNAMIC_NO_PIC = NO;
				GCC_NO_COMMON_BLOCKS = YES;
				GCC_OPTIMIZATION_LEVEL = 0;
				GCC_PREPROCESSOR_DEFINITIONS = (
					"DEBUG=1",
					"$(inherited)",
				);
				GCC_WARN_64_TO_32_BIT_CONVERSION = YES;
				GCC_WARN_ABOUT_RETURN_TYPE = YES_ERROR;
				GCC_WARN_UNDECLARED_SELECTOR = YES;
				GCC_WARN_UNINITIALIZED_AUTOS = YES_AGGRESSIVE;
				GCC_WARN_UNUSED_FUNCTION = YES;
				GCC_WARN_UNUSED_VARIABLE = YES;
				IPHONEOS_DEPLOYMENT_TARGET = 17.0;
				LOCALIZATION_PREFERS_STRING_CATALOGS = YES;
				MTL_ENABLE_DEBUG_INFO = INCLUDE_SOURCE;
				MTL_FAST_MATH = YES;
				ONLY_ACTIVE_ARCH = YES;
				SDKROOT = iphoneos;
				SWIFT_ACTIVE_COMPILATION_CONDITIONS = "DEBUG $(inherited)";
				SWIFT_OPTIMIZATION_LEVEL = "-Onone";
			};
			name = Debug;
		};
		6029D2652AF8E57F000F0C57 /* Release */ = {
			isa = XCBuildConfiguration;
			buildSettings = {
				ALWAYS_SEARCH_USER_PATHS = NO;
				ASSETCATALOG_COMPILER_GENERATE_SWIFT_ASSET_SYMBOL_EXTENSIONS = YES;
				CLANG_ANALYZER_NONNULL = YES;
				CLANG_ANALYZER_NUMBER_OBJECT_CONVERSION = YES_AGGRESSIVE;
				CLANG_CXX_LANGUAGE_STANDARD = "gnu++20";
				CLANG_ENABLE_MODULES = YES;
				CLANG_ENABLE_OBJC_ARC = YES;
				CLANG_ENABLE_OBJC_WEAK = YES;
				CLANG_WARN_BLOCK_CAPTURE_AUTORELEASING = YES;
				CLANG_WARN_BOOL_CONVERSION = YES;
				CLANG_WARN_COMMA = YES;
				CLANG_WARN_CONSTANT_CONVERSION = YES;
				CLANG_WARN_DEPRECATED_OBJC_IMPLEMENTATIONS = YES;
				CLANG_WARN_DIRECT_OBJC_ISA_USAGE = YES_ERROR;
				CLANG_WARN_DOCUMENTATION_COMMENTS = YES;
				CLANG_WARN_EMPTY_BODY = YES;
				CLANG_WARN_ENUM_CONVERSION = YES;
				CLANG_WARN_INFINITE_RECURSION = YES;
				CLANG_WARN_INT_CONVERSION = YES;
				CLANG_WARN_NON_LITERAL_NULL_CONVERSION = YES;
				CLANG_WARN_OBJC_IMPLICIT_RETAIN_SELF = YES;
				CLANG_WARN_OBJC_LITERAL_CONVERSION = YES;
				CLANG_WARN_OBJC_ROOT_CLASS = YES_ERROR;
				CLANG_WARN_QUOTED_INCLUDE_IN_FRAMEWORK_HEADER = YES;
				CLANG_WARN_RANGE_LOOP_ANALYSIS = YES;
				CLANG_WARN_STRICT_PROTOTYPES = YES;
				CLANG_WARN_SUSPICIOUS_MOVE = YES;
				CLANG_WARN_UNGUARDED_AVAILABILITY = YES_AGGRESSIVE;
				CLANG_WARN_UNREACHABLE_CODE = YES;
				CLANG_WARN__DUPLICATE_METHOD_MATCH = YES;
				COPY_PHASE_STRIP = NO;
				DEBUG_INFORMATION_FORMAT = "dwarf-with-dsym";
				ENABLE_NS_ASSERTIONS = NO;
				ENABLE_STRICT_OBJC_MSGSEND = YES;
				ENABLE_USER_SCRIPT_SANDBOXING = YES;
				GCC_C_LANGUAGE_STANDARD = gnu17;
				GCC_NO_COMMON_BLOCKS = YES;
				GCC_WARN_64_TO_32_BIT_CONVERSION = YES;
				GCC_WARN_ABOUT_RETURN_TYPE = YES_ERROR;
				GCC_WARN_UNDECLARED_SELECTOR = YES;
				GCC_WARN_UNINITIALIZED_AUTOS = YES_AGGRESSIVE;
				GCC_WARN_UNUSED_FUNCTION = YES;
				GCC_WARN_UNUSED_VARIABLE = YES;
				IPHONEOS_DEPLOYMENT_TARGET = 17.0;
				LOCALIZATION_PREFERS_STRING_CATALOGS = YES;
				MTL_ENABLE_DEBUG_INFO = NO;
				MTL_FAST_MATH = YES;
				SDKROOT = iphoneos;
				SWIFT_COMPILATION_MODE = wholemodule;
				VALIDATE_PRODUCT = YES;
			};
			name = Release;
		};
		6029D2672AF8E57F000F0C57 /* Debug */ = {
			isa = XCBuildConfiguration;
			buildSettings = {
				ASSETCATALOG_COMPILER_APPICON_NAME = AppIcon;
				ASSETCATALOG_COMPILER_GLOBAL_ACCENT_COLOR_NAME = AccentColor;
				CODE_SIGN_STYLE = Automatic;
				CURRENT_PROJECT_VERSION = 1;
				DEVELOPMENT_TEAM = YHZCLM8S87;
				GENERATE_INFOPLIST_FILE = YES;
				INFOPLIST_FILE = PomodoroApp/Info.plist;
				INFOPLIST_KEY_UIApplicationSupportsIndirectInputEvents = YES;
				INFOPLIST_KEY_UILaunchStoryboardName = LaunchScreen;
				INFOPLIST_KEY_UIMainStoryboardFile = Main;
				INFOPLIST_KEY_UISupportedInterfaceOrientations_iPad = "UIInterfaceOrientationPortrait UIInterfaceOrientationPortraitUpsideDown UIInterfaceOrientationLandscapeLeft UIInterfaceOrientationLandscapeRight";
				INFOPLIST_KEY_UISupportedInterfaceOrientations_iPhone = "UIInterfaceOrientationPortrait UIInterfaceOrientationLandscapeLeft UIInterfaceOrientationLandscapeRight";
				LD_RUNPATH_SEARCH_PATHS = (
					"$(inherited)",
					"@executable_path/Frameworks",
				);
				MARKETING_VERSION = 1.0;
				PRODUCT_BUNDLE_IDENTIFIER = com.furkanyukcu.PomodoroApp;
				PRODUCT_NAME = "$(TARGET_NAME)";
				SWIFT_EMIT_LOC_STRINGS = YES;
				SWIFT_VERSION = 5.0;
				TARGETED_DEVICE_FAMILY = "1,2";
			};
			name = Debug;
		};
		6029D2682AF8E57F000F0C57 /* Release */ = {
			isa = XCBuildConfiguration;
			buildSettings = {
				ASSETCATALOG_COMPILER_APPICON_NAME = AppIcon;
				ASSETCATALOG_COMPILER_GLOBAL_ACCENT_COLOR_NAME = AccentColor;
				CODE_SIGN_STYLE = Automatic;
				CURRENT_PROJECT_VERSION = 1;
				DEVELOPMENT_TEAM = YHZCLM8S87;
				GENERATE_INFOPLIST_FILE = YES;
				INFOPLIST_FILE = PomodoroApp/Info.plist;
				INFOPLIST_KEY_UIApplicationSupportsIndirectInputEvents = YES;
				INFOPLIST_KEY_UILaunchStoryboardName = LaunchScreen;
				INFOPLIST_KEY_UIMainStoryboardFile = Main;
				INFOPLIST_KEY_UISupportedInterfaceOrientations_iPad = "UIInterfaceOrientationPortrait UIInterfaceOrientationPortraitUpsideDown UIInterfaceOrientationLandscapeLeft UIInterfaceOrientationLandscapeRight";
				INFOPLIST_KEY_UISupportedInterfaceOrientations_iPhone = "UIInterfaceOrientationPortrait UIInterfaceOrientationLandscapeLeft UIInterfaceOrientationLandscapeRight";
				LD_RUNPATH_SEARCH_PATHS = (
					"$(inherited)",
					"@executable_path/Frameworks",
				);
				MARKETING_VERSION = 1.0;
				PRODUCT_BUNDLE_IDENTIFIER = com.furkanyukcu.PomodoroApp;
				PRODUCT_NAME = "$(TARGET_NAME)";
				SWIFT_EMIT_LOC_STRINGS = YES;
				SWIFT_VERSION = 5.0;
				TARGETED_DEVICE_FAMILY = "1,2";
			};
			name = Release;
		};
		6029D26A2AF8E57F000F0C57 /* Debug */ = {
			isa = XCBuildConfiguration;
			buildSettings = {
				ALWAYS_EMBED_SWIFT_STANDARD_LIBRARIES = YES;
				BUNDLE_LOADER = "$(TEST_HOST)";
				CODE_SIGN_STYLE = Automatic;
				CURRENT_PROJECT_VERSION = 1;
				DEVELOPMENT_TEAM = YHZCLM8S87;
				GENERATE_INFOPLIST_FILE = YES;
				IPHONEOS_DEPLOYMENT_TARGET = 17.0;
				MARKETING_VERSION = 1.0;
				PRODUCT_BUNDLE_IDENTIFIER = com.furkanyukcu.PomodoroAppTests;
				PRODUCT_NAME = "$(TARGET_NAME)";
				SWIFT_EMIT_LOC_STRINGS = NO;
				SWIFT_VERSION = 5.0;
				TARGETED_DEVICE_FAMILY = "1,2";
				TEST_HOST = "$(BUILT_PRODUCTS_DIR)/PomodoroApp.app/$(BUNDLE_EXECUTABLE_FOLDER_PATH)/PomodoroApp";
			};
			name = Debug;
		};
		6029D26B2AF8E57F000F0C57 /* Release */ = {
			isa = XCBuildConfiguration;
			buildSettings = {
				ALWAYS_EMBED_SWIFT_STANDARD_LIBRARIES = YES;
				BUNDLE_LOADER = "$(TEST_HOST)";
				CODE_SIGN_STYLE = Automatic;
				CURRENT_PROJECT_VERSION = 1;
				DEVELOPMENT_TEAM = YHZCLM8S87;
				GENERATE_INFOPLIST_FILE = YES;
				IPHONEOS_DEPLOYMENT_TARGET = 17.0;
				MARKETING_VERSION = 1.0;
				PRODUCT_BUNDLE_IDENTIFIER = com.furkanyukcu.PomodoroAppTests;
				PRODUCT_NAME = "$(TARGET_NAME)";
				SWIFT_EMIT_LOC_STRINGS = NO;
				SWIFT_VERSION = 5.0;
				TARGETED_DEVICE_FAMILY = "1,2";
				TEST_HOST = "$(BUILT_PRODUCTS_DIR)/PomodoroApp.app/$(BUNDLE_EXECUTABLE_FOLDER_PATH)/PomodoroApp";
			};
			name = Release;
		};
		6029D26D2AF8E57F000F0C57 /* Debug */ = {
			isa = XCBuildConfiguration;
			buildSettings = {
				ALWAYS_EMBED_SWIFT_STANDARD_LIBRARIES = YES;
				CODE_SIGN_STYLE = Automatic;
				CURRENT_PROJECT_VERSION = 1;
				DEVELOPMENT_TEAM = YHZCLM8S87;
				GENERATE_INFOPLIST_FILE = YES;
				MARKETING_VERSION = 1.0;
				PRODUCT_BUNDLE_IDENTIFIER = com.furkanyukcu.PomodoroAppUITests;
				PRODUCT_NAME = "$(TARGET_NAME)";
				SWIFT_EMIT_LOC_STRINGS = NO;
				SWIFT_VERSION = 5.0;
				TARGETED_DEVICE_FAMILY = "1,2";
				TEST_TARGET_NAME = PomodoroApp;
			};
			name = Debug;
		};
		6029D26E2AF8E57F000F0C57 /* Release */ = {
			isa = XCBuildConfiguration;
			buildSettings = {
				ALWAYS_EMBED_SWIFT_STANDARD_LIBRARIES = YES;
				CODE_SIGN_STYLE = Automatic;
				CURRENT_PROJECT_VERSION = 1;
				DEVELOPMENT_TEAM = YHZCLM8S87;
				GENERATE_INFOPLIST_FILE = YES;
				MARKETING_VERSION = 1.0;
				PRODUCT_BUNDLE_IDENTIFIER = com.furkanyukcu.PomodoroAppUITests;
				PRODUCT_NAME = "$(TARGET_NAME)";
				SWIFT_EMIT_LOC_STRINGS = NO;
				SWIFT_VERSION = 5.0;
				TARGETED_DEVICE_FAMILY = "1,2";
				TEST_TARGET_NAME = PomodoroApp;
			};
			name = Release;
		};
/* End XCBuildConfiguration section */

/* Begin XCConfigurationList section */
		6029D2372AF8E57E000F0C57 /* Build configuration list for PBXProject "PomodoroApp" */ = {
			isa = XCConfigurationList;
			buildConfigurations = (
				6029D2642AF8E57F000F0C57 /* Debug */,
				6029D2652AF8E57F000F0C57 /* Release */,
			);
			defaultConfigurationIsVisible = 0;
			defaultConfigurationName = Release;
		};
		6029D2662AF8E57F000F0C57 /* Build configuration list for PBXNativeTarget "PomodoroApp" */ = {
			isa = XCConfigurationList;
			buildConfigurations = (
				6029D2672AF8E57F000F0C57 /* Debug */,
				6029D2682AF8E57F000F0C57 /* Release */,
			);
			defaultConfigurationIsVisible = 0;
			defaultConfigurationName = Release;
		};
		6029D2692AF8E57F000F0C57 /* Build configuration list for PBXNativeTarget "PomodoroAppTests" */ = {
			isa = XCConfigurationList;
			buildConfigurations = (
				6029D26A2AF8E57F000F0C57 /* Debug */,
				6029D26B2AF8E57F000F0C57 /* Release */,
			);
			defaultConfigurationIsVisible = 0;
			defaultConfigurationName = Release;
		};
		6029D26C2AF8E57F000F0C57 /* Build configuration list for PBXNativeTarget "PomodoroAppUITests" */ = {
			isa = XCConfigurationList;
			buildConfigurations = (
				6029D26D2AF8E57F000F0C57 /* Debug */,
				6029D26E2AF8E57F000F0C57 /* Release */,
			);
			defaultConfigurationIsVisible = 0;
			defaultConfigurationName = Release;
		};
/* End XCConfigurationList section */
	};
	rootObject = 6029D2342AF8E57E000F0C57 /* Project object */;
}
